// !$*UTF8*$!
{
	archiveVersion = 1;
	classes = {
	};
	objectVersion = 55;
	objects = {

/* Begin PBXBuildFile section */
		E60A921127E421B90079FC7A /* SplashView.swift in Sources */ = {isa = PBXBuildFile; fileRef = E60A921027E421B90079FC7A /* SplashView.swift */; };
		E60A921427E430960079FC7A /* PagingView.swift in Sources */ = {isa = PBXBuildFile; fileRef = E60A921327E430960079FC7A /* PagingView.swift */; };
		E60A921627E432520079FC7A /* SplashModel.swift in Sources */ = {isa = PBXBuildFile; fileRef = E60A921527E432520079FC7A /* SplashModel.swift */; };
		E60A921827E453A00079FC7A /* HomeView.swift in Sources */ = {isa = PBXBuildFile; fileRef = E60A921727E453A00079FC7A /* HomeView.swift */; };
		E60A921A27E4592A0079FC7A /* StoryView.swift in Sources */ = {isa = PBXBuildFile; fileRef = E60A921927E4592A0079FC7A /* StoryView.swift */; };
		E60A921C27E459C90079FC7A /* TripContentView.swift in Sources */ = {isa = PBXBuildFile; fileRef = E60A921B27E459C90079FC7A /* TripContentView.swift */; };
		E6F4808827E39D9500F5B18A /* TravelAppApp.swift in Sources */ = {isa = PBXBuildFile; fileRef = E6F4808727E39D9500F5B18A /* TravelAppApp.swift */; };
		E6F4808A27E39D9500F5B18A /* WelcomeView.swift in Sources */ = {isa = PBXBuildFile; fileRef = E6F4808927E39D9500F5B18A /* WelcomeView.swift */; };
		E6F4808C27E39D9A00F5B18A /* Assets.xcassets in Resources */ = {isa = PBXBuildFile; fileRef = E6F4808B27E39D9A00F5B18A /* Assets.xcassets */; };
		E6F4808F27E39D9A00F5B18A /* Preview Assets.xcassets in Resources */ = {isa = PBXBuildFile; fileRef = E6F4808E27E39D9A00F5B18A /* Preview Assets.xcassets */; };
		E6F4809B27E39E0F00F5B18A /* Metropolis-Regular.otf in Resources */ = {isa = PBXBuildFile; fileRef = E6F4809627E39E0F00F5B18A /* Metropolis-Regular.otf */; };
		E6F4809C27E39E0F00F5B18A /* Metropolis-SemiBold.otf in Resources */ = {isa = PBXBuildFile; fileRef = E6F4809727E39E0F00F5B18A /* Metropolis-SemiBold.otf */; };
		E6F4809D27E39E0F00F5B18A /* Metropolis-Black.otf in Resources */ = {isa = PBXBuildFile; fileRef = E6F4809827E39E0F00F5B18A /* Metropolis-Black.otf */; };
		E6F4809E27E39E0F00F5B18A /* Metropolis-Medium.otf in Resources */ = {isa = PBXBuildFile; fileRef = E6F4809927E39E0F00F5B18A /* Metropolis-Medium.otf */; };
		E6F4809F27E39E0F00F5B18A /* Metropolis-Bold.otf in Resources */ = {isa = PBXBuildFile; fileRef = E6F4809A27E39E0F00F5B18A /* Metropolis-Bold.otf */; };
		E6F480A227E3A08200F5B18A /* Story.swift in Sources */ = {isa = PBXBuildFile; fileRef = E6F480A127E3A08200F5B18A /* Story.swift */; };
		E6F480A427E3A0DB00F5B18A /* User.swift in Sources */ = {isa = PBXBuildFile; fileRef = E6F480A327E3A0DB00F5B18A /* User.swift */; };
		E6F480A627E3A15500F5B18A /* Trip.swift in Sources */ = {isa = PBXBuildFile; fileRef = E6F480A527E3A15500F5B18A /* Trip.swift */; };
		E6F480A927E3A1CD00F5B18A /* UIFont+Extension.swift in Sources */ = {isa = PBXBuildFile; fileRef = E6F480A827E3A1CD00F5B18A /* UIFont+Extension.swift */; };
		E6F480AB27E3A20200F5B18A /* UIColor+Extension.swift in Sources */ = {isa = PBXBuildFile; fileRef = E6F480AA27E3A20200F5B18A /* UIColor+Extension.swift */; };
		E6F480AE27E3A26100F5B18A /* RoundedCorner.swift in Sources */ = {isa = PBXBuildFile; fileRef = E6F480AD27E3A26100F5B18A /* RoundedCorner.swift */; };
		E6F480B427E3A54500F5B18A /* PageControlView.swift in Sources */ = {isa = PBXBuildFile; fileRef = E6F480B327E3A54500F5B18A /* PageControlView.swift */; };
		E6FBA6ED27E4D6F60013065B /* CollageView.swift in Sources */ = {isa = PBXBuildFile; fileRef = E6FBA6EC27E4D6F60013065B /* CollageView.swift */; };
		E6FBA6EF27E4DE460013065B /* MasterView.swift in Sources */ = {isa = PBXBuildFile; fileRef = E6FBA6EE27E4DE460013065B /* MasterView.swift */; };
		E6FBA6F127E4DFB10013065B /* TabBarView.swift in Sources */ = {isa = PBXBuildFile; fileRef = E6FBA6F027E4DFB10013065B /* TabBarView.swift */; };
/* End PBXBuildFile section */

/* Begin PBXFileReference section */
		E60A921027E421B90079FC7A /* SplashView.swift */ = {isa = PBXFileReference; lastKnownFileType = sourcecode.swift; path = SplashView.swift; sourceTree = "<group>"; };
		E60A921227E428F00079FC7A /* Info.plist */ = {isa = PBXFileReference; lastKnownFileType = text.plist.xml; path = Info.plist; sourceTree = "<group>"; };
		E60A921327E430960079FC7A /* PagingView.swift */ = {isa = PBXFileReference; lastKnownFileType = sourcecode.swift; path = PagingView.swift; sourceTree = "<group>"; };
		E60A921527E432520079FC7A /* SplashModel.swift */ = {isa = PBXFileReference; lastKnownFileType = sourcecode.swift; path = SplashModel.swift; sourceTree = "<group>"; };
		E60A921727E453A00079FC7A /* HomeView.swift */ = {isa = PBXFileReference; lastKnownFileType = sourcecode.swift; path = HomeView.swift; sourceTree = "<group>"; };
		E60A921927E4592A0079FC7A /* StoryView.swift */ = {isa = PBXFileReference; lastKnownFileType = sourcecode.swift; path = StoryView.swift; sourceTree = "<group>"; };
		E60A921B27E459C90079FC7A /* TripContentView.swift */ = {isa = PBXFileReference; lastKnownFileType = sourcecode.swift; path = TripContentView.swift; sourceTree = "<group>"; };
		E6F4808427E39D9500F5B18A /* TravelApp.app */ = {isa = PBXFileReference; explicitFileType = wrapper.application; includeInIndex = 0; path = TravelApp.app; sourceTree = BUILT_PRODUCTS_DIR; };
		E6F4808727E39D9500F5B18A /* TravelAppApp.swift */ = {isa = PBXFileReference; lastKnownFileType = sourcecode.swift; path = TravelAppApp.swift; sourceTree = "<group>"; };
		E6F4808927E39D9500F5B18A /* WelcomeView.swift */ = {isa = PBXFileReference; lastKnownFileType = sourcecode.swift; path = WelcomeView.swift; sourceTree = "<group>"; };
		E6F4808B27E39D9A00F5B18A /* Assets.xcassets */ = {isa = PBXFileReference; lastKnownFileType = folder.assetcatalog; path = Assets.xcassets; sourceTree = "<group>"; };
		E6F4808E27E39D9A00F5B18A /* Preview Assets.xcassets */ = {isa = PBXFileReference; lastKnownFileType = folder.assetcatalog; path = "Preview Assets.xcassets"; sourceTree = "<group>"; };
		E6F4809627E39E0F00F5B18A /* Metropolis-Regular.otf */ = {isa = PBXFileReference; lastKnownFileType = file; path = "Metropolis-Regular.otf"; sourceTree = "<group>"; };
		E6F4809727E39E0F00F5B18A /* Metropolis-SemiBold.otf */ = {isa = PBXFileReference; lastKnownFileType = file; path = "Metropolis-SemiBold.otf"; sourceTree = "<group>"; };
		E6F4809827E39E0F00F5B18A /* Metropolis-Black.otf */ = {isa = PBXFileReference; lastKnownFileType = file; path = "Metropolis-Black.otf"; sourceTree = "<group>"; };
		E6F4809927E39E0F00F5B18A /* Metropolis-Medium.otf */ = {isa = PBXFileReference; lastKnownFileType = file; path = "Metropolis-Medium.otf"; sourceTree = "<group>"; };
		E6F4809A27E39E0F00F5B18A /* Metropolis-Bold.otf */ = {isa = PBXFileReference; lastKnownFileType = file; path = "Metropolis-Bold.otf"; sourceTree = "<group>"; };
		E6F480A127E3A08200F5B18A /* Story.swift */ = {isa = PBXFileReference; lastKnownFileType = sourcecode.swift; path = Story.swift; sourceTree = "<group>"; };
		E6F480A327E3A0DB00F5B18A /* User.swift */ = {isa = PBXFileReference; lastKnownFileType = sourcecode.swift; path = User.swift; sourceTree = "<group>"; };
		E6F480A527E3A15500F5B18A /* Trip.swift */ = {isa = PBXFileReference; lastKnownFileType = sourcecode.swift; path = Trip.swift; sourceTree = "<group>"; };
		E6F480A827E3A1CD00F5B18A /* UIFont+Extension.swift */ = {isa = PBXFileReference; lastKnownFileType = sourcecode.swift; path = "UIFont+Extension.swift"; sourceTree = "<group>"; };
		E6F480AA27E3A20200F5B18A /* UIColor+Extension.swift */ = {isa = PBXFileReference; lastKnownFileType = sourcecode.swift; path = "UIColor+Extension.swift"; sourceTree = "<group>"; };
		E6F480AD27E3A26100F5B18A /* RoundedCorner.swift */ = {isa = PBXFileReference; lastKnownFileType = sourcecode.swift; path = RoundedCorner.swift; sourceTree = "<group>"; };
		E6F480B327E3A54500F5B18A /* PageControlView.swift */ = {isa = PBXFileReference; lastKnownFileType = sourcecode.swift; path = PageControlView.swift; sourceTree = "<group>"; };
		E6FBA6EC27E4D6F60013065B /* CollageView.swift */ = {isa = PBXFileReference; lastKnownFileType = sourcecode.swift; path = CollageView.swift; sourceTree = "<group>"; };
		E6FBA6EE27E4DE460013065B /* MasterView.swift */ = {isa = PBXFileReference; lastKnownFileType = sourcecode.swift; path = MasterView.swift; sourceTree = "<group>"; };
		E6FBA6F027E4DFB10013065B /* TabBarView.swift */ = {isa = PBXFileReference; lastKnownFileType = sourcecode.swift; path = TabBarView.swift; sourceTree = "<group>"; };
/* End PBXFileReference section */

/* Begin PBXFrameworksBuildPhase section */
		E6F4808127E39D9500F5B18A /* Frameworks */ = {
			isa = PBXFrameworksBuildPhase;
			buildActionMask = 2147483647;
			files = (
			);
			runOnlyForDeploymentPostprocessing = 0;
		};
/* End PBXFrameworksBuildPhase section */

/* Begin PBXGroup section */
		E6F4807B27E39D9500F5B18A = {
			isa = PBXGroup;
			children = (
				E6F4808627E39D9500F5B18A /* TravelApp */,
				E6F4808527E39D9500F5B18A /* Products */,
			);
			sourceTree = "<group>";
		};
		E6F4808527E39D9500F5B18A /* Products */ = {
			isa = PBXGroup;
			children = (
				E6F4808427E39D9500F5B18A /* TravelApp.app */,
			);
			name = Products;
			sourceTree = "<group>";
		};
		E6F4808627E39D9500F5B18A /* TravelApp */ = {
			isa = PBXGroup;
			children = (
				E60A921227E428F00079FC7A /* Info.plist */,
				E6F480B127E3A2F700F5B18A /* App */,
				E6F480AF27E3A2E500F5B18A /* Resources */,
				E6F480AC27E3A25600F5B18A /* Utils */,
				E6F480A727E3A1BA00F5B18A /* Extensions */,
				E6F4809527E39DDF00F5B18A /* Fonts */,
				E6F480A027E39E3D00F5B18A /* Models */,
				E6F480B027E3A2EE00F5B18A /* Views */,
				E6F480B227E3A53400F5B18A /* Supporting Views */,
				E6F4808D27E39D9A00F5B18A /* Preview Content */,
			);
			path = TravelApp;
			sourceTree = "<group>";
		};
		E6F4808D27E39D9A00F5B18A /* Preview Content */ = {
			isa = PBXGroup;
			children = (
				E6F4808E27E39D9A00F5B18A /* Preview Assets.xcassets */,
			);
			path = "Preview Content";
			sourceTree = "<group>";
		};
		E6F4809527E39DDF00F5B18A /* Fonts */ = {
			isa = PBXGroup;
			children = (
				E6F4809827E39E0F00F5B18A /* Metropolis-Black.otf */,
				E6F4809A27E39E0F00F5B18A /* Metropolis-Bold.otf */,
				E6F4809927E39E0F00F5B18A /* Metropolis-Medium.otf */,
				E6F4809627E39E0F00F5B18A /* Metropolis-Regular.otf */,
				E6F4809727E39E0F00F5B18A /* Metropolis-SemiBold.otf */,
			);
			path = Fonts;
			sourceTree = "<group>";
		};
		E6F480A027E39E3D00F5B18A /* Models */ = {
			isa = PBXGroup;
			children = (
				E6F480A127E3A08200F5B18A /* Story.swift */,
				E6F480A327E3A0DB00F5B18A /* User.swift */,
				E6F480A527E3A15500F5B18A /* Trip.swift */,
				E60A921527E432520079FC7A /* SplashModel.swift */,
			);
			path = Models;
			sourceTree = "<group>";
		};
		E6F480A727E3A1BA00F5B18A /* Extensions */ = {
			isa = PBXGroup;
			children = (
				E6F480A827E3A1CD00F5B18A /* UIFont+Extension.swift */,
				E6F480AA27E3A20200F5B18A /* UIColor+Extension.swift */,
			);
			path = Extensions;
			sourceTree = "<group>";
		};
		E6F480AC27E3A25600F5B18A /* Utils */ = {
			isa = PBXGroup;
			children = (
				E6F480AD27E3A26100F5B18A /* RoundedCorner.swift */,
			);
			path = Utils;
			sourceTree = "<group>";
		};
		E6F480AF27E3A2E500F5B18A /* Resources */ = {
			isa = PBXGroup;
			children = (
				E6F4808B27E39D9A00F5B18A /* Assets.xcassets */,
			);
			path = Resources;
			sourceTree = "<group>";
		};
		E6F480B027E3A2EE00F5B18A /* Views */ = {
			isa = PBXGroup;
			children = (
				E6F4808927E39D9500F5B18A /* WelcomeView.swift */,
				E60A921027E421B90079FC7A /* SplashView.swift */,
				E60A921327E430960079FC7A /* PagingView.swift */,
				E60A921727E453A00079FC7A /* HomeView.swift */,
				E60A921927E4592A0079FC7A /* StoryView.swift */,
				E60A921B27E459C90079FC7A /* TripContentView.swift */,
				E6FBA6EC27E4D6F60013065B /* CollageView.swift */,
				E6FBA6EE27E4DE460013065B /* MasterView.swift */,
				E6FBA6F027E4DFB10013065B /* TabBarView.swift */,
			);
			path = Views;
			sourceTree = "<group>";
		};
		E6F480B127E3A2F700F5B18A /* App */ = {
			isa = PBXGroup;
			children = (
				E6F4808727E39D9500F5B18A /* TravelAppApp.swift */,
			);
			path = App;
			sourceTree = "<group>";
		};
		E6F480B227E3A53400F5B18A /* Supporting Views */ = {
			isa = PBXGroup;
			children = (
				E6F480B327E3A54500F5B18A /* PageControlView.swift */,
			);
			path = "Supporting Views";
			sourceTree = "<group>";
		};
/* End PBXGroup section */

/* Begin PBXNativeTarget section */
		E6F4808327E39D9500F5B18A /* TravelApp */ = {
			isa = PBXNativeTarget;
			buildConfigurationList = E6F4809227E39D9A00F5B18A /* Build configuration list for PBXNativeTarget "TravelApp" */;
			buildPhases = (
				E6F4808027E39D9500F5B18A /* Sources */,
				E6F4808127E39D9500F5B18A /* Frameworks */,
				E6F4808227E39D9500F5B18A /* Resources */,
			);
			buildRules = (
			);
			dependencies = (
			);
			name = TravelApp;
			productName = TravelApp;
			productReference = E6F4808427E39D9500F5B18A /* TravelApp.app */;
			productType = "com.apple.product-type.application";
		};
/* End PBXNativeTarget section */

/* Begin PBXProject section */
		E6F4807C27E39D9500F5B18A /* Project object */ = {
			isa = PBXProject;
			attributes = {
				BuildIndependentTargetsInParallel = 1;
				LastSwiftUpdateCheck = 1330;
				LastUpgradeCheck = 1330;
				TargetAttributes = {
					E6F4808327E39D9500F5B18A = {
						CreatedOnToolsVersion = 13.3;
					};
				};
			};
			buildConfigurationList = E6F4807F27E39D9500F5B18A /* Build configuration list for PBXProject "TravelApp" */;
			compatibilityVersion = "Xcode 13.0";
			developmentRegion = en;
			hasScannedForEncodings = 0;
			knownRegions = (
				en,
				Base,
			);
			mainGroup = E6F4807B27E39D9500F5B18A;
			productRefGroup = E6F4808527E39D9500F5B18A /* Products */;
			projectDirPath = "";
			projectRoot = "";
			targets = (
				E6F4808327E39D9500F5B18A /* TravelApp */,
			);
		};
/* End PBXProject section */

/* Begin PBXResourcesBuildPhase section */
		E6F4808227E39D9500F5B18A /* Resources */ = {
			isa = PBXResourcesBuildPhase;
			buildActionMask = 2147483647;
			files = (
				E6F4809D27E39E0F00F5B18A /* Metropolis-Black.otf in Resources */,
				E6F4809C27E39E0F00F5B18A /* Metropolis-SemiBold.otf in Resources */,
				E6F4808F27E39D9A00F5B18A /* Preview Assets.xcassets in Resources */,
				E6F4808C27E39D9A00F5B18A /* Assets.xcassets in Resources */,
				E6F4809E27E39E0F00F5B18A /* Metropolis-Medium.otf in Resources */,
				E6F4809F27E39E0F00F5B18A /* Metropolis-Bold.otf in Resources */,
				E6F4809B27E39E0F00F5B18A /* Metropolis-Regular.otf in Resources */,
			);
			runOnlyForDeploymentPostprocessing = 0;
		};
/* End PBXResourcesBuildPhase section */

/* Begin PBXSourcesBuildPhase section */
		E6F4808027E39D9500F5B18A /* Sources */ = {
			isa = PBXSourcesBuildPhase;
			buildActionMask = 2147483647;
			files = (
				E60A921427E430960079FC7A /* PagingView.swift in Sources */,
				E6F480AE27E3A26100F5B18A /* RoundedCorner.swift in Sources */,
				E6FBA6EF27E4DE460013065B /* MasterView.swift in Sources */,
				E60A921827E453A00079FC7A /* HomeView.swift in Sources */,
				E6F480AB27E3A20200F5B18A /* UIColor+Extension.swift in Sources */,
				E6F480A927E3A1CD00F5B18A /* UIFont+Extension.swift in Sources */,
				E6F480A627E3A15500F5B18A /* Trip.swift in Sources */,
				E6F480A427E3A0DB00F5B18A /* User.swift in Sources */,
				E6F4808A27E39D9500F5B18A /* WelcomeView.swift in Sources */,
				E60A921C27E459C90079FC7A /* TripContentView.swift in Sources */,
				E6FBA6F127E4DFB10013065B /* TabBarView.swift in Sources */,
				E60A921627E432520079FC7A /* SplashModel.swift in Sources */,
				E6F4808827E39D9500F5B18A /* TravelAppApp.swift in Sources */,
				E60A921A27E4592A0079FC7A /* StoryView.swift in Sources */,
				E60A921127E421B90079FC7A /* SplashView.swift in Sources */,
				E6F480A227E3A08200F5B18A /* Story.swift in Sources */,
				E6FBA6ED27E4D6F60013065B /* CollageView.swift in Sources */,
				E6F480B427E3A54500F5B18A /* PageControlView.swift in Sources */,
			);
			runOnlyForDeploymentPostprocessing = 0;
		};
/* End PBXSourcesBuildPhase section */

/* Begin XCBuildConfiguration section */
		E6F4809027E39D9A00F5B18A /* Debug */ = {
			isa = XCBuildConfiguration;
			buildSettings = {
				ALWAYS_SEARCH_USER_PATHS = NO;
				CLANG_ANALYZER_NONNULL = YES;
				CLANG_ANALYZER_NUMBER_OBJECT_CONVERSION = YES_AGGRESSIVE;
				CLANG_CXX_LANGUAGE_STANDARD = "gnu++17";
				CLANG_ENABLE_MODULES = YES;
				CLANG_ENABLE_OBJC_ARC = YES;
				CLANG_ENABLE_OBJC_WEAK = YES;
				CLANG_WARN_BLOCK_CAPTURE_AUTORELEASING = YES;
				CLANG_WARN_BOOL_CONVERSION = YES;
				CLANG_WARN_COMMA = YES;
				CLANG_WARN_CONSTANT_CONVERSION = YES;
				CLANG_WARN_DEPRECATED_OBJC_IMPLEMENTATIONS = YES;
				CLANG_WARN_DIRECT_OBJC_ISA_USAGE = YES_ERROR;
				CLANG_WARN_DOCUMENTATION_COMMENTS = YES;
				CLANG_WARN_EMPTY_BODY = YES;
				CLANG_WARN_ENUM_CONVERSION = YES;
				CLANG_WARN_INFINITE_RECURSION = YES;
				CLANG_WARN_INT_CONVERSION = YES;
				CLANG_WARN_NON_LITERAL_NULL_CONVERSION = YES;
				CLANG_WARN_OBJC_IMPLICIT_RETAIN_SELF = YES;
				CLANG_WARN_OBJC_LITERAL_CONVERSION = YES;
				CLANG_WARN_OBJC_ROOT_CLASS = YES_ERROR;
				CLANG_WARN_QUOTED_INCLUDE_IN_FRAMEWORK_HEADER = YES;
				CLANG_WARN_RANGE_LOOP_ANALYSIS = YES;
				CLANG_WARN_STRICT_PROTOTYPES = YES;
				CLANG_WARN_SUSPICIOUS_MOVE = YES;
				CLANG_WARN_UNGUARDED_AVAILABILITY = YES_AGGRESSIVE;
				CLANG_WARN_UNREACHABLE_CODE = YES;
				CLANG_WARN__DUPLICATE_METHOD_MATCH = YES;
				COPY_PHASE_STRIP = NO;
				DEBUG_INFORMATION_FORMAT = dwarf;
				ENABLE_STRICT_OBJC_MSGSEND = YES;
				ENABLE_TESTABILITY = YES;
				GCC_C_LANGUAGE_STANDARD = gnu11;
				GCC_DYNAMIC_NO_PIC = NO;
				GCC_NO_COMMON_BLOCKS = YES;
				GCC_OPTIMIZATION_LEVEL = 0;
				GCC_PREPROCESSOR_DEFINITIONS = (
					"DEBUG=1",
					"$(inherited)",
				);
				GCC_WARN_64_TO_32_BIT_CONVERSION = YES;
				GCC_WARN_ABOUT_RETURN_TYPE = YES_ERROR;
				GCC_WARN_UNDECLARED_SELECTOR = YES;
				GCC_WARN_UNINITIALIZED_AUTOS = YES_AGGRESSIVE;
				GCC_WARN_UNUSED_FUNCTION = YES;
				GCC_WARN_UNUSED_VARIABLE = YES;
				IPHONEOS_DEPLOYMENT_TARGET = 15.4;
				MTL_ENABLE_DEBUG_INFO = INCLUDE_SOURCE;
				MTL_FAST_MATH = YES;
				ONLY_ACTIVE_ARCH = YES;
				SDKROOT = iphoneos;
				SWIFT_ACTIVE_COMPILATION_CONDITIONS = DEBUG;
				SWIFT_OPTIMIZATION_LEVEL = "-Onone";
			};
			name = Debug;
		};
		E6F4809127E39D9A00F5B18A /* Release */ = {
			isa = XCBuildConfiguration;
			buildSettings = {
				ALWAYS_SEARCH_USER_PATHS = NO;
				CLANG_ANALYZER_NONNULL = YES;
				CLANG_ANALYZER_NUMBER_OBJECT_CONVERSION = YES_AGGRESSIVE;
				CLANG_CXX_LANGUAGE_STANDARD = "gnu++17";
				CLANG_ENABLE_MODULES = YES;
				CLANG_ENABLE_OBJC_ARC = YES;
				CLANG_ENABLE_OBJC_WEAK = YES;
				CLANG_WARN_BLOCK_CAPTURE_AUTORELEASING = YES;
				CLANG_WARN_BOOL_CONVERSION = YES;
				CLANG_WARN_COMMA = YES;
				CLANG_WARN_CONSTANT_CONVERSION = YES;
				CLANG_WARN_DEPRECATED_OBJC_IMPLEMENTATIONS = YES;
				CLANG_WARN_DIRECT_OBJC_ISA_USAGE = YES_ERROR;
				CLANG_WARN_DOCUMENTATION_COMMENTS = YES;
				CLANG_WARN_EMPTY_BODY = YES;
				CLANG_WARN_ENUM_CONVERSION = YES;
				CLANG_WARN_INFINITE_RECURSION = YES;
				CLANG_WARN_INT_CONVERSION = YES;
				CLANG_WARN_NON_LITERAL_NULL_CONVERSION = YES;
				CLANG_WARN_OBJC_IMPLICIT_RETAIN_SELF = YES;
				CLANG_WARN_OBJC_LITERAL_CONVERSION = YES;
				CLANG_WARN_OBJC_ROOT_CLASS = YES_ERROR;
				CLANG_WARN_QUOTED_INCLUDE_IN_FRAMEWORK_HEADER = YES;
				CLANG_WARN_RANGE_LOOP_ANALYSIS = YES;
				CLANG_WARN_STRICT_PROTOTYPES = YES;
				CLANG_WARN_SUSPICIOUS_MOVE = YES;
				CLANG_WARN_UNGUARDED_AVAILABILITY = YES_AGGRESSIVE;
				CLANG_WARN_UNREACHABLE_CODE = YES;
				CLANG_WARN__DUPLICATE_METHOD_MATCH = YES;
				COPY_PHASE_STRIP = NO;
				DEBUG_INFORMATION_FORMAT = "dwarf-with-dsym";
				ENABLE_NS_ASSERTIONS = NO;
				ENABLE_STRICT_OBJC_MSGSEND = YES;
				GCC_C_LANGUAGE_STANDARD = gnu11;
				GCC_NO_COMMON_BLOCKS = YES;
				GCC_WARN_64_TO_32_BIT_CONVERSION = YES;
				GCC_WARN_ABOUT_RETURN_TYPE = YES_ERROR;
				GCC_WARN_UNDECLARED_SELECTOR = YES;
				GCC_WARN_UNINITIALIZED_AUTOS = YES_AGGRESSIVE;
				GCC_WARN_UNUSED_FUNCTION = YES;
				GCC_WARN_UNUSED_VARIABLE = YES;
				IPHONEOS_DEPLOYMENT_TARGET = 15.4;
				MTL_ENABLE_DEBUG_INFO = NO;
				MTL_FAST_MATH = YES;
				SDKROOT = iphoneos;
				SWIFT_COMPILATION_MODE = wholemodule;
				SWIFT_OPTIMIZATION_LEVEL = "-O";
				VALIDATE_PRODUCT = YES;
			};
			name = Release;
		};
		E6F4809327E39D9A00F5B18A /* Debug */ = {
			isa = XCBuildConfiguration;
			buildSettings = {
				ASSETCATALOG_COMPILER_APPICON_NAME = AppIcon;
				ASSETCATALOG_COMPILER_GLOBAL_ACCENT_COLOR_NAME = AccentColor;
				CODE_SIGN_STYLE = Automatic;
				CURRENT_PROJECT_VERSION = 1;
				DEVELOPMENT_ASSET_PATHS = "\"TravelApp/Preview Content\"";
				DEVELOPMENT_TEAM = SHX88X5G84;
				ENABLE_PREVIEWS = YES;
				GENERATE_INFOPLIST_FILE = YES;
				INFOPLIST_FILE = TravelApp/Info.plist;
				INFOPLIST_KEY_UIApplicationSceneManifest_Generation = YES;
				INFOPLIST_KEY_UIApplicationSupportsIndirectInputEvents = YES;
				INFOPLIST_KEY_UILaunchScreen_Generation = YES;
				INFOPLIST_KEY_UISupportedInterfaceOrientations_iPad = "UIInterfaceOrientationPortrait UIInterfaceOrientationPortraitUpsideDown UIInterfaceOrientationLandscapeLeft UIInterfaceOrientationLandscapeRight";
				INFOPLIST_KEY_UISupportedInterfaceOrientations_iPhone = "UIInterfaceOrientationPortrait UIInterfaceOrientationLandscapeLeft UIInterfaceOrientationLandscapeRight";
				IPHONEOS_DEPLOYMENT_TARGET = 15.4;
				LD_RUNPATH_SEARCH_PATHS = (
					"$(inherited)",
					"@executable_path/Frameworks",
				);
				MARKETING_VERSION = 1.0;
				PRODUCT_BUNDLE_IDENTIFIER = lehoanganh.TravelApp;
				PRODUCT_NAME = "$(TARGET_NAME)";
				SWIFT_EMIT_LOC_STRINGS = YES;
				SWIFT_VERSION = 5.0;
				TARGETED_DEVICE_FAMILY = "1,2";
			};
			name = Debug;
		};
		E6F4809427E39D9A00F5B18A /* Release */ = {
			isa = XCBuildConfiguration;
			buildSettings = {
				ASSETCATALOG_COMPILER_APPICON_NAME = AppIcon;
				ASSETCATALOG_COMPILER_GLOBAL_ACCENT_COLOR_NAME = AccentColor;
				CODE_SIGN_STYLE = Automatic;
				CURRENT_PROJECT_VERSION = 1;
				DEVELOPMENT_ASSET_PATHS = "\"TravelApp/Preview Content\"";
				DEVELOPMENT_TEAM = SHX88X5G84;
				ENABLE_PREVIEWS = YES;
				GENERATE_INFOPLIST_FILE = YES;
				INFOPLIST_FILE = TravelApp/Info.plist;
				INFOPLIST_KEY_UIApplicationSceneManifest_Generation = YES;
				INFOPLIST_KEY_UIApplicationSupportsIndirectInputEvents = YES;
				INFOPLIST_KEY_UILaunchScreen_Generation = YES;
				INFOPLIST_KEY_UISupportedInterfaceOrientations_iPad = "UIInterfaceOrientationPortrait UIInterfaceOrientationPortraitUpsideDown UIInterfaceOrientationLandscapeLeft UIInterfaceOrientationLandscapeRight";
				INFOPLIST_KEY_UISupportedInterfaceOrientations_iPhone = "UIInterfaceOrientationPortrait UIInterfaceOrientationLandscapeLeft UIInterfaceOrientationLandscapeRight";
				IPHONEOS_DEPLOYMENT_TARGET = 15.4;
				LD_RUNPATH_SEARCH_PATHS = (
					"$(inherited)",
					"@executable_path/Frameworks",
				);
				MARKETING_VERSION = 1.0;
				PRODUCT_BUNDLE_IDENTIFIER = lehoanganh.TravelApp;
				PRODUCT_NAME = "$(TARGET_NAME)";
				SWIFT_EMIT_LOC_STRINGS = YES;
				SWIFT_VERSION = 5.0;
				TARGETED_DEVICE_FAMILY = "1,2";
			};
			name = Release;
		};
/* End XCBuildConfiguration section */

/* Begin XCConfigurationList section */
		E6F4807F27E39D9500F5B18A /* Build configuration list for PBXProject "TravelApp" */ = {
			isa = XCConfigurationList;
			buildConfigurations = (
				E6F4809027E39D9A00F5B18A /* Debug */,
				E6F4809127E39D9A00F5B18A /* Release */,
			);
			defaultConfigurationIsVisible = 0;
			defaultConfigurationName = Release;
		};
		E6F4809227E39D9A00F5B18A /* Build configuration list for PBXNativeTarget "TravelApp" */ = {
			isa = XCConfigurationList;
			buildConfigurations = (
				E6F4809327E39D9A00F5B18A /* Debug */,
				E6F4809427E39D9A00F5B18A /* Release */,
			);
			defaultConfigurationIsVisible = 0;
			defaultConfigurationName = Release;
		};
/* End XCConfigurationList section */
	};
	rootObject = E6F4807C27E39D9500F5B18A /* Project object */;
}
